Microsoft Visual Studio Solution File, Format Version 12.00
# Visual Studio Version 17
VisualStudioVersion = 17.5.2.0
MinimumVisualStudioVersion = 10.0.40219.1
Project("{FAE04EC0-301F-11D3-BF4B-00C04F79EFBC}") = "Application_Suivi_De_Temps", "Application_Suivi_De_Temps.csproj", "{0244D58E-6B8F-047A-C542-3F3CF80542ED}"
EndProject
Global
	GlobalSection(SolutionConfigurationPlatforms) = preSolution
		Debug|Any CPU = Debug|Any CPU
		Release|Any CPU = Release|Any CPU
	EndGlobalSection
	GlobalSection(ProjectConfigurationPlatforms) = postSolution
		{0244D58E-6B8F-047A-C542-3F3CF80542ED}.Debug|Any CPU.ActiveCfg = Debug|Any CPU
		{0244D58E-6B8F-047A-C542-3F3CF80542ED}.Debug|Any CPU.Build.0 = Debug|Any CPU
		{0244D58E-6B8F-047A-C542-3F3CF80542ED}.Release|Any CPU.ActiveCfg = Release|Any CPU
		{0244D58E-6B8F-047A-C542-3F3CF80542ED}.Release|Any CPU.Build.0 = Release|Any CPU
	EndGlobalSection
	GlobalSection(SolutionProperties) = preSolution
		HideSolutionNode = FALSE
	EndGlobalSection
	GlobalSection(ExtensibilityGlobals) = postSolution
		SolutionGuid = {88BB92C2-7C70-45DD-82D8-4D623ADE3192}
	EndGlobalSection
EndGlobal
